// !$*UTF8*$!
{
	archiveVersion = 1;
	classes = {
	};
	objectVersion = 50;
	objects = {

/* Begin PBXBuildFile section */
		9B11DB002424D4340072A844 /* AppDelegate.swift in Sources */ = {isa = PBXBuildFile; fileRef = 9B11DAFF2424D4340072A844 /* AppDelegate.swift */; };
		9B11DB022424D4340072A844 /* SceneDelegate.swift in Sources */ = {isa = PBXBuildFile; fileRef = 9B11DB012424D4340072A844 /* SceneDelegate.swift */; };
		9B11DB042424D4340072A844 /* ContentView.swift in Sources */ = {isa = PBXBuildFile; fileRef = 9B11DB032424D4340072A844 /* ContentView.swift */; };
		9B11DB062424D4370072A844 /* Assets.xcassets in Resources */ = {isa = PBXBuildFile; fileRef = 9B11DB052424D4370072A844 /* Assets.xcassets */; };
		9B11DB092424D4370072A844 /* Preview Assets.xcassets in Resources */ = {isa = PBXBuildFile; fileRef = 9B11DB082424D4370072A844 /* Preview Assets.xcassets */; };
		9B11DB0C2424D4370072A844 /* LaunchScreen.storyboard in Resources */ = {isa = PBXBuildFile; fileRef = 9B11DB0A2424D4370072A844 /* LaunchScreen.storyboard */; };
		9B9ECC5624274DA1001CF107 /* Functions.swift in Sources */ = {isa = PBXBuildFile; fileRef = 9B9ECC5524274DA1001CF107 /* Functions.swift */; };
		9B9ECC5824274E6A001CF107 /* Globals.swift in Sources */ = {isa = PBXBuildFile; fileRef = 9B9ECC5724274E6A001CF107 /* Globals.swift */; };
		9BA9F40624346560005F1D77 /* HiddenGlobals.swift in Sources */ = {isa = PBXBuildFile; fileRef = 9BA9F40524346560005F1D77 /* HiddenGlobals.swift */; };
/* End PBXBuildFile section */

/* Begin PBXFileReference section */
		9B11DAFC2424D4340072A844 /* CoChain.app */ = {isa = PBXFileReference; explicitFileType = wrapper.application; includeInIndex = 0; path = CoChain.app; sourceTree = BUILT_PRODUCTS_DIR; };
		9B11DAFF2424D4340072A844 /* AppDelegate.swift */ = {isa = PBXFileReference; lastKnownFileType = sourcecode.swift; path = AppDelegate.swift; sourceTree = "<group>"; };
		9B11DB012424D4340072A844 /* SceneDelegate.swift */ = {isa = PBXFileReference; lastKnownFileType = sourcecode.swift; path = SceneDelegate.swift; sourceTree = "<group>"; };
		9B11DB032424D4340072A844 /* ContentView.swift */ = {isa = PBXFileReference; lastKnownFileType = sourcecode.swift; path = ContentView.swift; sourceTree = "<group>"; };
		9B11DB052424D4370072A844 /* Assets.xcassets */ = {isa = PBXFileReference; lastKnownFileType = folder.assetcatalog; path = Assets.xcassets; sourceTree = "<group>"; };
		9B11DB082424D4370072A844 /* Preview Assets.xcassets */ = {isa = PBXFileReference; lastKnownFileType = folder.assetcatalog; path = "Preview Assets.xcassets"; sourceTree = "<group>"; };
		9B11DB0B2424D4370072A844 /* Base */ = {isa = PBXFileReference; lastKnownFileType = file.storyboard; name = Base; path = Base.lproj/LaunchScreen.storyboard; sourceTree = "<group>"; };
		9B11DB0D2424D4370072A844 /* Info.plist */ = {isa = PBXFileReference; lastKnownFileType = text.plist.xml; path = Info.plist; sourceTree = "<group>"; };
		9B9ECC5524274DA1001CF107 /* Functions.swift */ = {isa = PBXFileReference; fileEncoding = 4; lastKnownFileType = sourcecode.swift; path = Functions.swift; sourceTree = "<group>"; };
		9B9ECC5724274E6A001CF107 /* Globals.swift */ = {isa = PBXFileReference; fileEncoding = 4; lastKnownFileType = sourcecode.swift; path = Globals.swift; sourceTree = "<group>"; };
		9BA9F40524346560005F1D77 /* HiddenGlobals.swift */ = {isa = PBXFileReference; fileEncoding = 4; lastKnownFileType = sourcecode.swift; path = HiddenGlobals.swift; sourceTree = "<group>"; };
/* End PBXFileReference section */

/* Begin PBXFrameworksBuildPhase section */
		9B11DAF92424D4340072A844 /* Frameworks */ = {
			isa = PBXFrameworksBuildPhase;
			buildActionMask = 2147483647;
			files = (
			);
			runOnlyForDeploymentPostprocessing = 0;
		};
/* End PBXFrameworksBuildPhase section */

/* Begin PBXGroup section */
		9B11DAF32424D4340072A844 = {
			isa = PBXGroup;
			children = (
				9B11DAFE2424D4340072A844 /* CoChain */,
				9B11DAFD2424D4340072A844 /* Products */,
			);
			sourceTree = "<group>";
		};
		9B11DAFD2424D4340072A844 /* Products */ = {
			isa = PBXGroup;
			children = (
				9B11DAFC2424D4340072A844 /* CoChain.app */,
			);
			name = Products;
			sourceTree = "<group>";
		};
		9B11DAFE2424D4340072A844 /* CoChain */ = {
			isa = PBXGroup;
			children = (
				9B11DAFF2424D4340072A844 /* AppDelegate.swift */,
				9BA9F40524346560005F1D77 /* HiddenGlobals.swift */,
				9B9ECC5724274E6A001CF107 /* Globals.swift */,
				9B9ECC5524274DA1001CF107 /* Functions.swift */,
				9B11DB012424D4340072A844 /* SceneDelegate.swift */,
				9B11DB032424D4340072A844 /* ContentView.swift */,
				9B11DB052424D4370072A844 /* Assets.xcassets */,
				9B11DB0A2424D4370072A844 /* LaunchScreen.storyboard */,
				9B11DB0D2424D4370072A844 /* Info.plist */,
				9B11DB072424D4370072A844 /* Preview Content */,
			);
			path = CoChain;
			sourceTree = "<group>";
		};
		9B11DB072424D4370072A844 /* Preview Content */ = {
			isa = PBXGroup;
			children = (
				9B11DB082424D4370072A844 /* Preview Assets.xcassets */,
			);
			path = "Preview Content";
			sourceTree = "<group>";
		};
/* End PBXGroup section */

/* Begin PBXNativeTarget section */
		9B11DAFB2424D4340072A844 /* CoChain */ = {
			isa = PBXNativeTarget;
			buildConfigurationList = 9B11DB102424D4370072A844 /* Build configuration list for PBXNativeTarget "CoChain" */;
			buildPhases = (
				9B11DAF82424D4340072A844 /* Sources */,
				9B11DAF92424D4340072A844 /* Frameworks */,
				9B11DAFA2424D4340072A844 /* Resources */,
			);
			buildRules = (
			);
			dependencies = (
			);
			name = CoChain;
			productName = TooClose;
			productReference = 9B11DAFC2424D4340072A844 /* CoChain.app */;
			productType = "com.apple.product-type.application";
		};
/* End PBXNativeTarget section */

/* Begin PBXProject section */
		9B11DAF42424D4340072A844 /* Project object */ = {
			isa = PBXProject;
			attributes = {
				LastSwiftUpdateCheck = 1130;
				LastUpgradeCheck = 1130;
				ORGANIZATIONNAME = "Lars Menzel";
				TargetAttributes = {
					9B11DAFB2424D4340072A844 = {
						CreatedOnToolsVersion = 11.3.1;
					};
				};
			};
			buildConfigurationList = 9B11DAF72424D4340072A844 /* Build configuration list for PBXProject "CoChain" */;
			compatibilityVersion = "Xcode 9.3";
			developmentRegion = en;
			hasScannedForEncodings = 0;
			knownRegions = (
				en,
				Base,
			);
			mainGroup = 9B11DAF32424D4340072A844;
			productRefGroup = 9B11DAFD2424D4340072A844 /* Products */;
			projectDirPath = "";
			projectRoot = "";
			targets = (
				9B11DAFB2424D4340072A844 /* CoChain */,
			);
		};
/* End PBXProject section */

/* Begin PBXResourcesBuildPhase section */
		9B11DAFA2424D4340072A844 /* Resources */ = {
			isa = PBXResourcesBuildPhase;
			buildActionMask = 2147483647;
			files = (
				9B11DB0C2424D4370072A844 /* LaunchScreen.storyboard in Resources */,
				9B11DB092424D4370072A844 /* Preview Assets.xcassets in Resources */,
				9B11DB062424D4370072A844 /* Assets.xcassets in Resources */,
			);
			runOnlyForDeploymentPostprocessing = 0;
		};
/* End PBXResourcesBuildPhase section */

/* Begin PBXSourcesBuildPhase section */
		9B11DAF82424D4340072A844 /* Sources */ = {
			isa = PBXSourcesBuildPhase;
			buildActionMask = 2147483647;
			files = (
				9B11DB002424D4340072A844 /* AppDelegate.swift in Sources */,
				9B11DB022424D4340072A844 /* SceneDelegate.swift in Sources */,
				9BA9F40624346560005F1D77 /* HiddenGlobals.swift in Sources */,
				9B11DB042424D4340072A844 /* ContentView.swift in Sources */,
				9B9ECC5824274E6A001CF107 /* Globals.swift in Sources */,
				9B9ECC5624274DA1001CF107 /* Functions.swift in Sources */,
			);
			runOnlyForDeploymentPostprocessing = 0;
		};
/* End PBXSourcesBuildPhase section */

/* Begin PBXVariantGroup section */
		9B11DB0A2424D4370072A844 /* LaunchScreen.storyboard */ = {
			isa = PBXVariantGroup;
			children = (
				9B11DB0B2424D4370072A844 /* Base */,
			);
			name = LaunchScreen.storyboard;
			sourceTree = "<group>";
		};
/* End PBXVariantGroup section */

/* Begin XCBuildConfiguration section */
		9B11DB0E2424D4370072A844 /* Debug */ = {
			isa = XCBuildConfiguration;
			buildSettings = {
				ALWAYS_SEARCH_USER_PATHS = NO;
				CLANG_ANALYZER_NONNULL = YES;
				CLANG_ANALYZER_NUMBER_OBJECT_CONVERSION = YES_AGGRESSIVE;
				CLANG_CXX_LANGUAGE_STANDARD = "gnu++14";
				CLANG_CXX_LIBRARY = "libc++";
				CLANG_ENABLE_MODULES = YES;
				CLANG_ENABLE_OBJC_ARC = YES;
				CLANG_ENABLE_OBJC_WEAK = YES;
				CLANG_WARN_BLOCK_CAPTURE_AUTORELEASING = YES;
				CLANG_WARN_BOOL_CONVERSION = YES;
				CLANG_WARN_COMMA = YES;
				CLANG_WARN_CONSTANT_CONVERSION = YES;
				CLANG_WARN_DEPRECATED_OBJC_IMPLEMENTATIONS = YES;
				CLANG_WARN_DIRECT_OBJC_ISA_USAGE = YES_ERROR;
				CLANG_WARN_DOCUMENTATION_COMMENTS = YES;
				CLANG_WARN_EMPTY_BODY = YES;
				CLANG_WARN_ENUM_CONVERSION = YES;
				CLANG_WARN_INFINITE_RECURSION = YES;
				CLANG_WARN_INT_CONVERSION = YES;
				CLANG_WARN_NON_LITERAL_NULL_CONVERSION = YES;
				CLANG_WARN_OBJC_IMPLICIT_RETAIN_SELF = YES;
				CLANG_WARN_OBJC_LITERAL_CONVERSION = YES;
				CLANG_WARN_OBJC_ROOT_CLASS = YES_ERROR;
				CLANG_WARN_RANGE_LOOP_ANALYSIS = YES;
				CLANG_WARN_STRICT_PROTOTYPES = YES;
				CLANG_WARN_SUSPICIOUS_MOVE = YES;
				CLANG_WARN_UNGUARDED_AVAILABILITY = YES_AGGRESSIVE;
				CLANG_WARN_UNREACHABLE_CODE = YES;
				CLANG_WARN__DUPLICATE_METHOD_MATCH = YES;
				COPY_PHASE_STRIP = NO;
				DEBUG_INFORMATION_FORMAT = dwarf;
				ENABLE_STRICT_OBJC_MSGSEND = YES;
				ENABLE_TESTABILITY = YES;
				GCC_C_LANGUAGE_STANDARD = gnu11;
				GCC_DYNAMIC_NO_PIC = NO;
				GCC_NO_COMMON_BLOCKS = YES;
				GCC_OPTIMIZATION_LEVEL = 0;
				GCC_PREPROCESSOR_DEFINITIONS = (
					"DEBUG=1",
					"$(inherited)",
				);
				GCC_WARN_64_TO_32_BIT_CONVERSION = YES;
				GCC_WARN_ABOUT_RETURN_TYPE = YES_ERROR;
				GCC_WARN_UNDECLARED_SELECTOR = YES;
				GCC_WARN_UNINITIALIZED_AUTOS = YES_AGGRESSIVE;
				GCC_WARN_UNUSED_FUNCTION = YES;
				GCC_WARN_UNUSED_VARIABLE = YES;
				IPHONEOS_DEPLOYMENT_TARGET = 13.2;
				MTL_ENABLE_DEBUG_INFO = INCLUDE_SOURCE;
				MTL_FAST_MATH = YES;
				ONLY_ACTIVE_ARCH = YES;
				SDKROOT = iphoneos;
				SWIFT_ACTIVE_COMPILATION_CONDITIONS = DEBUG;
				SWIFT_OPTIMIZATION_LEVEL = "-Onone";
			};
			name = Debug;
		};
		9B11DB0F2424D4370072A844 /* Release */ = {
			isa = XCBuildConfiguration;
			buildSettings = {
				ALWAYS_SEARCH_USER_PATHS = NO;
				CLANG_ANALYZER_NONNULL = YES;
				CLANG_ANALYZER_NUMBER_OBJECT_CONVERSION = YES_AGGRESSIVE;
				CLANG_CXX_LANGUAGE_STANDARD = "gnu++14";
				CLANG_CXX_LIBRARY = "libc++";
				CLANG_ENABLE_MODULES = YES;
				CLANG_ENABLE_OBJC_ARC = YES;
				CLANG_ENABLE_OBJC_WEAK = YES;
				CLANG_WARN_BLOCK_CAPTURE_AUTORELEASING = YES;
				CLANG_WARN_BOOL_CONVERSION = YES;
				CLANG_WARN_COMMA = YES;
				CLANG_WARN_CONSTANT_CONVERSION = YES;
				CLANG_WARN_DEPRECATED_OBJC_IMPLEMENTATIONS = YES;
				CLANG_WARN_DIRECT_OBJC_ISA_USAGE = YES_ERROR;
				CLANG_WARN_DOCUMENTATION_COMMENTS = YES;
				CLANG_WARN_EMPTY_BODY = YES;
				CLANG_WARN_ENUM_CONVERSION = YES;
				CLANG_WARN_INFINITE_RECURSION = YES;
				CLANG_WARN_INT_CONVERSION = YES;
				CLANG_WARN_NON_LITERAL_NULL_CONVERSION = YES;
				CLANG_WARN_OBJC_IMPLICIT_RETAIN_SELF = YES;
				CLANG_WARN_OBJC_LITERAL_CONVERSION = YES;
				CLANG_WARN_OBJC_ROOT_CLASS = YES_ERROR;
				CLANG_WARN_RANGE_LOOP_ANALYSIS = YES;
				CLANG_WARN_STRICT_PROTOTYPES = YES;
				CLANG_WARN_SUSPICIOUS_MOVE = YES;
				CLANG_WARN_UNGUARDED_AVAILABILITY = YES_AGGRESSIVE;
				CLANG_WARN_UNREACHABLE_CODE = YES;
				CLANG_WARN__DUPLICATE_METHOD_MATCH = YES;
				COPY_PHASE_STRIP = NO;
				DEBUG_INFORMATION_FORMAT = "dwarf-with-dsym";
				ENABLE_NS_ASSERTIONS = NO;
				ENABLE_STRICT_OBJC_MSGSEND = YES;
				GCC_C_LANGUAGE_STANDARD = gnu11;
				GCC_NO_COMMON_BLOCKS = YES;
				GCC_WARN_64_TO_32_BIT_CONVERSION = YES;
				GCC_WARN_ABOUT_RETURN_TYPE = YES_ERROR;
				GCC_WARN_UNDECLARED_SELECTOR = YES;
				GCC_WARN_UNINITIALIZED_AUTOS = YES_AGGRESSIVE;
				GCC_WARN_UNUSED_FUNCTION = YES;
				GCC_WARN_UNUSED_VARIABLE = YES;
				IPHONEOS_DEPLOYMENT_TARGET = 13.2;
				MTL_ENABLE_DEBUG_INFO = NO;
				MTL_FAST_MATH = YES;
				SDKROOT = iphoneos;
				SWIFT_COMPILATION_MODE = wholemodule;
				SWIFT_OPTIMIZATION_LEVEL = "-O";
				VALIDATE_PRODUCT = YES;
			};
			name = Release;
		};
		9B11DB112424D4370072A844 /* Debug */ = {
			isa = XCBuildConfiguration;
			buildSettings = {
				ASSETCATALOG_COMPILER_APPICON_NAME = AppIcon;
				CODE_SIGN_STYLE = Automatic;
				CURRENT_PROJECT_VERSION = 11;
				DEVELOPMENT_ASSET_PATHS = "\"CoChain/Preview Content\"";
				DEVELOPMENT_TEAM = E6T9V3934X;
				ENABLE_PREVIEWS = YES;
				INFOPLIST_FILE = CoChain/Info.plist;
				LD_RUNPATH_SEARCH_PATHS = (
					"$(inherited)",
					"@executable_path/Frameworks",
				);
				MARKETING_VERSION = 0.1.8;
				PRODUCT_BUNDLE_IDENTIFIER = com.menzelapps.cochain;
				PRODUCT_NAME = CoChain;
				SWIFT_VERSION = 5.0;
				TARGETED_DEVICE_FAMILY = "1,2";
			};
			name = Debug;
		};
		9B11DB122424D4370072A844 /* Release */ = {
			isa = XCBuildConfiguration;
			buildSettings = {
				ASSETCATALOG_COMPILER_APPICON_NAME = AppIcon;
				CODE_SIGN_STYLE = Automatic;
				CURRENT_PROJECT_VERSION = 11;
				DEVELOPMENT_ASSET_PATHS = "\"CoChain/Preview Content\"";
				DEVELOPMENT_TEAM = E6T9V3934X;
				ENABLE_PREVIEWS = YES;
				INFOPLIST_FILE = CoChain/Info.plist;
				LD_RUNPATH_SEARCH_PATHS = (
					"$(inherited)",
					"@executable_path/Frameworks",
				);
				MARKETING_VERSION = 0.1.8;
				PRODUCT_BUNDLE_IDENTIFIER = com.menzelapps.cochain;
				PRODUCT_NAME = CoChain;
				SWIFT_VERSION = 5.0;
				TARGETED_DEVICE_FAMILY = "1,2";
			};
			name = Release;
		};
/* End XCBuildConfiguration section */

/* Begin XCConfigurationList section */
		9B11DAF72424D4340072A844 /* Build configuration list for PBXProject "CoChain" */ = {
			isa = XCConfigurationList;
			buildConfigurations = (
				9B11DB0E2424D4370072A844 /* Debug */,
				9B11DB0F2424D4370072A844 /* Release */,
			);
			defaultConfigurationIsVisible = 0;
			defaultConfigurationName = Release;
		};
		9B11DB102424D4370072A844 /* Build configuration list for PBXNativeTarget "CoChain" */ = {
			isa = XCConfigurationList;
			buildConfigurations = (
				9B11DB112424D4370072A844 /* Debug */,
				9B11DB122424D4370072A844 /* Release */,
			);
			defaultConfigurationIsVisible = 0;
			defaultConfigurationName = Release;
		};
/* End XCConfigurationList section */
	};
	rootObject = 9B11DAF42424D4340072A844 /* Project object */;
}
